
Microsoft Visual Studio Solution File, Format Version 12.00
# Visual Studio Version 16
VisualStudioVersion = 25.0.1704.5
MinimumVisualStudioVersion = 10.0.40219.1
Project("{FAE04EC0-301F-11D3-BF4B-00C04F79EFBC}") = "Gallery.Android", "Gallery\Gallery.Android\Gallery.Android.csproj", "{FACEA157-4D16-45FA-8EF5-5DF566EAD3EA}"
EndProject
Project("{FAE04EC0-301F-11D3-BF4B-00C04F79EFBC}") = "Gallery.iOS", "Gallery\Gallery.iOS\Gallery.iOS.csproj", "{9FE1D5C5-536F-4F00-A831-160DA620C71B}"
EndProject
Project("{FAE04EC0-301F-11D3-BF4B-00C04F79EFBC}") = "Gallery", "Gallery\Gallery\Gallery.csproj", "{4DDF4BD0-070E-4DAC-8B61-7F36017EB5A5}"
EndProject
Global
	GlobalSection(SolutionConfigurationPlatforms) = preSolution
		Debug|Any CPU = Debug|Any CPU
		Release|Any CPU = Release|Any CPU
		Debug|iPhoneSimulator = Debug|iPhoneSimulator
		Release|iPhoneSimulator = Release|iPhoneSimulator
		Debug|iPhone = Debug|iPhone
		Release|iPhone = Release|iPhone
	EndGlobalSection
	GlobalSection(ProjectConfigurationPlatforms) = postSolution
		{FACEA157-4D16-45FA-8EF5-5DF566EAD3EA}.Debug|Any CPU.ActiveCfg = Debug|Any CPU
		{FACEA157-4D16-45FA-8EF5-5DF566EAD3EA}.Debug|Any CPU.Build.0 = Debug|Any CPU
		{FACEA157-4D16-45FA-8EF5-5DF566EAD3EA}.Release|Any CPU.ActiveCfg = Release|Any CPU
		{FACEA157-4D16-45FA-8EF5-5DF566EAD3EA}.Release|Any CPU.Build.0 = Release|Any CPU
		{FACEA157-4D16-45FA-8EF5-5DF566EAD3EA}.Debug|iPhoneSimulator.ActiveCfg = Debug|Any CPU
		{FACEA157-4D16-45FA-8EF5-5DF566EAD3EA}.Debug|iPhoneSimulator.Build.0 = Debug|Any CPU
		{FACEA157-4D16-45FA-8EF5-5DF566EAD3EA}.Release|iPhoneSimulator.ActiveCfg = Release|Any CPU
		{FACEA157-4D16-45FA-8EF5-5DF566EAD3EA}.Release|iPhoneSimulator.Build.0 = Release|Any CPU
		{FACEA157-4D16-45FA-8EF5-5DF566EAD3EA}.Debug|iPhone.ActiveCfg = Debug|Any CPU
		{FACEA157-4D16-45FA-8EF5-5DF566EAD3EA}.Debug|iPhone.Build.0 = Debug|Any CPU
		{FACEA157-4D16-45FA-8EF5-5DF566EAD3EA}.Release|iPhone.ActiveCfg = Release|Any CPU
		{FACEA157-4D16-45FA-8EF5-5DF566EAD3EA}.Release|iPhone.Build.0 = Release|Any CPU
		{9FE1D5C5-536F-4F00-A831-160DA620C71B}.Debug|Any CPU.ActiveCfg = Debug|iPhoneSimulator
		{9FE1D5C5-536F-4F00-A831-160DA620C71B}.Debug|Any CPU.Build.0 = Debug|iPhoneSimulator
		{9FE1D5C5-536F-4F00-A831-160DA620C71B}.Release|Any CPU.ActiveCfg = Release|iPhoneSimulator
		{9FE1D5C5-536F-4F00-A831-160DA620C71B}.Release|Any CPU.Build.0 = Release|iPhoneSimulator
		{9FE1D5C5-536F-4F00-A831-160DA620C71B}.Debug|iPhoneSimulator.ActiveCfg = Debug|iPhoneSimulator
		{9FE1D5C5-536F-4F00-A831-160DA620C71B}.Debug|iPhoneSimulator.Build.0 = Debug|iPhoneSimulator
		{9FE1D5C5-536F-4F00-A831-160DA620C71B}.Release|iPhoneSimulator.ActiveCfg = Release|iPhoneSimulator
		{9FE1D5C5-536F-4F00-A831-160DA620C71B}.Release|iPhoneSimulator.Build.0 = Release|iPhoneSimulator
		{9FE1D5C5-536F-4F00-A831-160DA620C71B}.Debug|iPhone.ActiveCfg = Debug|iPhone
		{9FE1D5C5-536F-4F00-A831-160DA620C71B}.Debug|iPhone.Build.0 = Debug|iPhone
		{9FE1D5C5-536F-4F00-A831-160DA620C71B}.Release|iPhone.ActiveCfg = Release|iPhone
		{9FE1D5C5-536F-4F00-A831-160DA620C71B}.Release|iPhone.Build.0 = Release|iPhone
		{4DDF4BD0-070E-4DAC-8B61-7F36017EB5A5}.Debug|Any CPU.ActiveCfg = Debug|Any CPU
		{4DDF4BD0-070E-4DAC-8B61-7F36017EB5A5}.Debug|Any CPU.Build.0 = Debug|Any CPU
		{4DDF4BD0-070E-4DAC-8B61-7F36017EB5A5}.Release|Any CPU.ActiveCfg = Release|Any CPU
		{4DDF4BD0-070E-4DAC-8B61-7F36017EB5A5}.Release|Any CPU.Build.0 = Release|Any CPU
		{4DDF4BD0-070E-4DAC-8B61-7F36017EB5A5}.Debug|iPhoneSimulator.ActiveCfg = Debug|Any CPU
		{4DDF4BD0-070E-4DAC-8B61-7F36017EB5A5}.Debug|iPhoneSimulator.Build.0 = Debug|Any CPU
		{4DDF4BD0-070E-4DAC-8B61-7F36017EB5A5}.Release|iPhoneSimulator.ActiveCfg = Release|Any CPU
		{4DDF4BD0-070E-4DAC-8B61-7F36017EB5A5}.Release|iPhoneSimulator.Build.0 = Release|Any CPU
		{4DDF4BD0-070E-4DAC-8B61-7F36017EB5A5}.Debug|iPhone.ActiveCfg = Debug|Any CPU
		{4DDF4BD0-070E-4DAC-8B61-7F36017EB5A5}.Debug|iPhone.Build.0 = Debug|Any CPU
		{4DDF4BD0-070E-4DAC-8B61-7F36017EB5A5}.Release|iPhone.ActiveCfg = Release|Any CPU
		{4DDF4BD0-070E-4DAC-8B61-7F36017EB5A5}.Release|iPhone.Build.0 = Release|Any CPU
	EndGlobalSection
	GlobalSection(SolutionProperties) = preSolution
		HideSolutionNode = FALSE
	EndGlobalSection
	GlobalSection(ExtensibilityGlobals) = postSolution
		SolutionGuid = {E1D94A52-C8DE-444C-B010-1818A07E68E3}
	EndGlobalSection
EndGlobal
